
Microsoft Visual Studio Solution File, Format Version 12.00
# Visual Studio Version 17
VisualStudioVersion = 17.4.33110.190
MinimumVisualStudioVersion = 10.0.40219.1
Project("{FAE04EC0-301F-11D3-BF4B-00C04F79EFBC}") = "CafeMachine", "CafeMachine.csproj", "{97E964ED-31BF-4489-BF20-1C361450BDDA}"
EndProject
Global
	GlobalSection(SolutionConfigurationPlatforms) = preSolution
		Debug|Any CPU = Debug|Any CPU
		Release|Any CPU = Release|Any CPU
	EndGlobalSection
	GlobalSection(ProjectConfigurationPlatforms) = postSolution
		{97E964ED-31BF-4489-BF20-1C361450BDDA}.Debug|Any CPU.ActiveCfg = Debug|Any CPU
		{97E964ED-31BF-4489-BF20-1C361450BDDA}.Debug|Any CPU.Build.0 = Debug|Any CPU
		{97E964ED-31BF-4489-BF20-1C361450BDDA}.Release|Any CPU.ActiveCfg = Release|Any CPU
		{97E964ED-31BF-4489-BF20-1C361450BDDA}.Release|Any CPU.Build.0 = Release|Any CPU
	EndGlobalSection
	GlobalSection(SolutionProperties) = preSolution
		HideSolutionNode = FALSE
	EndGlobalSection
	GlobalSection(ExtensibilityGlobals) = postSolution
		SolutionGuid = {5A0B4E4C-A037-4CF4-9538-D06D54845E07}
	EndGlobalSection
EndGlobal
